
Microsoft Visual Studio Solution File, Format Version 12.00
# Visual Studio Version 17
VisualStudioVersion = 17.10.34916.146
MinimumVisualStudioVersion = 10.0.40219.1
Project("{FAE04EC0-301F-11D3-BF4B-00C04F79EFBC}") = "AdventureSeekers", "AdventureSeekers.csproj", "{6169F272-D7DA-4873-AD3A-CC20B2B2CBA2}"
EndProject
Global
	GlobalSection(SolutionConfigurationPlatforms) = preSolution
		Debug|Any CPU = Debug|Any CPU
		Release|Any CPU = Release|Any CPU
	EndGlobalSection
	GlobalSection(ProjectConfigurationPlatforms) = postSolution
		{6169F272-D7DA-4873-AD3A-CC20B2B2CBA2}.Debug|Any CPU.ActiveCfg = Debug|Any CPU
		{6169F272-D7DA-4873-AD3A-CC20B2B2CBA2}.Debug|Any CPU.Build.0 = Debug|Any CPU
		{6169F272-D7DA-4873-AD3A-CC20B2B2CBA2}.Release|Any CPU.ActiveCfg = Release|Any CPU
		{6169F272-D7DA-4873-AD3A-CC20B2B2CBA2}.Release|Any CPU.Build.0 = Release|Any CPU
	EndGlobalSection
	GlobalSection(SolutionProperties) = preSolution
		HideSolutionNode = FALSE
	EndGlobalSection
	GlobalSection(ExtensibilityGlobals) = postSolution
		SolutionGuid = {5462479B-BE24-478D-AB7D-1EDA0710C169}
	EndGlobalSection
EndGlobal
